
Microsoft Visual Studio Solution File, Format Version 12.00
# Visual Studio Version 16
VisualStudioVersion = 16.0.29009.5
MinimumVisualStudioVersion = 10.0.40219.1
Project("{FAE04EC0-301F-11D3-BF4B-00C04F79EFBC}") = "PictureViwer", "PictureViwer\PictureViwer.csproj", "{99F3143E-F39F-470F-AF5A-411465CECE24}"
EndProject
Global
	GlobalSection(SolutionConfigurationPlatforms) = preSolution
		Debug|Any CPU = Debug|Any CPU
		Release|Any CPU = Release|Any CPU
	EndGlobalSection
	GlobalSection(ProjectConfigurationPlatforms) = postSolution
		{99F3143E-F39F-470F-AF5A-411465CECE24}.Debug|Any CPU.ActiveCfg = Debug|Any CPU
		{99F3143E-F39F-470F-AF5A-411465CECE24}.Debug|Any CPU.Build.0 = Debug|Any CPU
		{99F3143E-F39F-470F-AF5A-411465CECE24}.Release|Any CPU.ActiveCfg = Release|Any CPU
		{99F3143E-F39F-470F-AF5A-411465CECE24}.Release|Any CPU.Build.0 = Release|Any CPU
	EndGlobalSection
	GlobalSection(SolutionProperties) = preSolution
		HideSolutionNode = FALSE
	EndGlobalSection
	GlobalSection(ExtensibilityGlobals) = postSolution
		SolutionGuid = {B469793F-FF2D-4EFD-BADC-ECC595A2361D}
	EndGlobalSection
EndGlobal
